// !$*UTF8*$!
{
	archiveVersion = 1;
	classes = {
	};
	objectVersion = 56;
	objects = {

/* Begin PBXBuildFile section */
		37EAA6E82BB5C8EE00791A83 /* AppDelegate.swift in Sources */ = {isa = PBXBuildFile; fileRef = 37EAA6E72BB5C8EE00791A83 /* AppDelegate.swift */; };
		37EAA6EA2BB5C8EE00791A83 /* SceneDelegate.swift in Sources */ = {isa = PBXBuildFile; fileRef = 37EAA6E92BB5C8EE00791A83 /* SceneDelegate.swift */; };
		37EAA6EC2BB5C8EE00791A83 /* ViewController.swift in Sources */ = {isa = PBXBuildFile; fileRef = 37EAA6EB2BB5C8EE00791A83 /* ViewController.swift */; };
		37EAA6EF2BB5C8EE00791A83 /* Base in Resources */ = {isa = PBXBuildFile; fileRef = 37EAA6EE2BB5C8EE00791A83 /* Base */; };
		37EAA6F12BB5C8EF00791A83 /* Assets.xcassets in Resources */ = {isa = PBXBuildFile; fileRef = 37EAA6F02BB5C8EF00791A83 /* Assets.xcassets */; };
		37EAA6F42BB5C8EF00791A83 /* Base in Resources */ = {isa = PBXBuildFile; fileRef = 37EAA6F32BB5C8EF00791A83 /* Base */; };
		37EAA6FF2BB5C8EF00791A83 /* HW1Tests.swift in Sources */ = {isa = PBXBuildFile; fileRef = 37EAA6FE2BB5C8EF00791A83 /* HW1Tests.swift */; };
		37EAA7092BB5C8EF00791A83 /* HW1UITests.swift in Sources */ = {isa = PBXBuildFile; fileRef = 37EAA7082BB5C8EF00791A83 /* HW1UITests.swift */; };
		37EAA70B2BB5C8EF00791A83 /* HW1UITestsLaunchTests.swift in Sources */ = {isa = PBXBuildFile; fileRef = 37EAA70A2BB5C8EF00791A83 /* HW1UITestsLaunchTests.swift */; };
/* End PBXBuildFile section */

/* Begin PBXContainerItemProxy section */
		37EAA6FB2BB5C8EF00791A83 /* PBXContainerItemProxy */ = {
			isa = PBXContainerItemProxy;
			containerPortal = 37EAA6DC2BB5C8EE00791A83 /* Project object */;
			proxyType = 1;
			remoteGlobalIDString = 37EAA6E32BB5C8EE00791A83;
			remoteInfo = HW1;
		};
		37EAA7052BB5C8EF00791A83 /* PBXContainerItemProxy */ = {
			isa = PBXContainerItemProxy;
			containerPortal = 37EAA6DC2BB5C8EE00791A83 /* Project object */;
			proxyType = 1;
			remoteGlobalIDString = 37EAA6E32BB5C8EE00791A83;
			remoteInfo = HW1;
		};
/* End PBXContainerItemProxy section */

/* Begin PBXFileReference section */
		37EAA6E42BB5C8EE00791A83 /* HW1.app */ = {isa = PBXFileReference; explicitFileType = wrapper.application; includeInIndex = 0; path = HW1.app; sourceTree = BUILT_PRODUCTS_DIR; };
		37EAA6E72BB5C8EE00791A83 /* AppDelegate.swift */ = {isa = PBXFileReference; lastKnownFileType = sourcecode.swift; path = AppDelegate.swift; sourceTree = "<group>"; };
		37EAA6E92BB5C8EE00791A83 /* SceneDelegate.swift */ = {isa = PBXFileReference; lastKnownFileType = sourcecode.swift; path = SceneDelegate.swift; sourceTree = "<group>"; };
		37EAA6EB2BB5C8EE00791A83 /* ViewController.swift */ = {isa = PBXFileReference; lastKnownFileType = sourcecode.swift; path = ViewController.swift; sourceTree = "<group>"; };
		37EAA6EE2BB5C8EE00791A83 /* Base */ = {isa = PBXFileReference; lastKnownFileType = file.storyboard; name = Base; path = Base.lproj/Main.storyboard; sourceTree = "<group>"; };
		37EAA6F02BB5C8EF00791A83 /* Assets.xcassets */ = {isa = PBXFileReference; lastKnownFileType = folder.assetcatalog; path = Assets.xcassets; sourceTree = "<group>"; };
		37EAA6F32BB5C8EF00791A83 /* Base */ = {isa = PBXFileReference; lastKnownFileType = file.storyboard; name = Base; path = Base.lproj/LaunchScreen.storyboard; sourceTree = "<group>"; };
		37EAA6F52BB5C8EF00791A83 /* Info.plist */ = {isa = PBXFileReference; lastKnownFileType = text.plist.xml; path = Info.plist; sourceTree = "<group>"; };
		37EAA6FA2BB5C8EF00791A83 /* HW1Tests.xctest */ = {isa = PBXFileReference; explicitFileType = wrapper.cfbundle; includeInIndex = 0; path = HW1Tests.xctest; sourceTree = BUILT_PRODUCTS_DIR; };
		37EAA6FE2BB5C8EF00791A83 /* HW1Tests.swift */ = {isa = PBXFileReference; lastKnownFileType = sourcecode.swift; path = HW1Tests.swift; sourceTree = "<group>"; };
		37EAA7042BB5C8EF00791A83 /* HW1UITests.xctest */ = {isa = PBXFileReference; explicitFileType = wrapper.cfbundle; includeInIndex = 0; path = HW1UITests.xctest; sourceTree = BUILT_PRODUCTS_DIR; };
		37EAA7082BB5C8EF00791A83 /* HW1UITests.swift */ = {isa = PBXFileReference; lastKnownFileType = sourcecode.swift; path = HW1UITests.swift; sourceTree = "<group>"; };
		37EAA70A2BB5C8EF00791A83 /* HW1UITestsLaunchTests.swift */ = {isa = PBXFileReference; lastKnownFileType = sourcecode.swift; path = HW1UITestsLaunchTests.swift; sourceTree = "<group>"; };
/* End PBXFileReference section */

/* Begin PBXFrameworksBuildPhase section */
		37EAA6E12BB5C8EE00791A83 /* Frameworks */ = {
			isa = PBXFrameworksBuildPhase;
			buildActionMask = 2147483647;
			files = (
			);
			runOnlyForDeploymentPostprocessing = 0;
		};
		37EAA6F72BB5C8EF00791A83 /* Frameworks */ = {
			isa = PBXFrameworksBuildPhase;
			buildActionMask = 2147483647;
			files = (
			);
			runOnlyForDeploymentPostprocessing = 0;
		};
		37EAA7012BB5C8EF00791A83 /* Frameworks */ = {
			isa = PBXFrameworksBuildPhase;
			buildActionMask = 2147483647;
			files = (
			);
			runOnlyForDeploymentPostprocessing = 0;
		};
/* End PBXFrameworksBuildPhase section */

/* Begin PBXGroup section */
		37EAA6DB2BB5C8EE00791A83 = {
			isa = PBXGroup;
			children = (
				37EAA6E62BB5C8EE00791A83 /* HW1 */,
				37EAA6FD2BB5C8EF00791A83 /* HW1Tests */,
				37EAA7072BB5C8EF00791A83 /* HW1UITests */,
				37EAA6E52BB5C8EE00791A83 /* Products */,
			);
			sourceTree = "<group>";
		};
		37EAA6E52BB5C8EE00791A83 /* Products */ = {
			isa = PBXGroup;
			children = (
				37EAA6E42BB5C8EE00791A83 /* HW1.app */,
				37EAA6FA2BB5C8EF00791A83 /* HW1Tests.xctest */,
				37EAA7042BB5C8EF00791A83 /* HW1UITests.xctest */,
			);
			name = Products;
			sourceTree = "<group>";
		};
		37EAA6E62BB5C8EE00791A83 /* HW1 */ = {
			isa = PBXGroup;
			children = (
				37EAA6E72BB5C8EE00791A83 /* AppDelegate.swift */,
				37EAA6E92BB5C8EE00791A83 /* SceneDelegate.swift */,
				37EAA6EB2BB5C8EE00791A83 /* ViewController.swift */,
				37EAA6ED2BB5C8EE00791A83 /* Main.storyboard */,
				37EAA6F02BB5C8EF00791A83 /* Assets.xcassets */,
				37EAA6F22BB5C8EF00791A83 /* LaunchScreen.storyboard */,
				37EAA6F52BB5C8EF00791A83 /* Info.plist */,
			);
			path = HW1;
			sourceTree = "<group>";
		};
		37EAA6FD2BB5C8EF00791A83 /* HW1Tests */ = {
			isa = PBXGroup;
			children = (
				37EAA6FE2BB5C8EF00791A83 /* HW1Tests.swift */,
			);
			path = HW1Tests;
			sourceTree = "<group>";
		};
		37EAA7072BB5C8EF00791A83 /* HW1UITests */ = {
			isa = PBXGroup;
			children = (
				37EAA7082BB5C8EF00791A83 /* HW1UITests.swift */,
				37EAA70A2BB5C8EF00791A83 /* HW1UITestsLaunchTests.swift */,
			);
			path = HW1UITests;
			sourceTree = "<group>";
		};
/* End PBXGroup section */

/* Begin PBXNativeTarget section */
		37EAA6E32BB5C8EE00791A83 /* HW1 */ = {
			isa = PBXNativeTarget;
			buildConfigurationList = 37EAA70E2BB5C8EF00791A83 /* Build configuration list for PBXNativeTarget "HW1" */;
			buildPhases = (
				37EAA6E02BB5C8EE00791A83 /* Sources */,
				37EAA6E12BB5C8EE00791A83 /* Frameworks */,
				37EAA6E22BB5C8EE00791A83 /* Resources */,
			);
			buildRules = (
			);
			dependencies = (
			);
			name = HW1;
			productName = HW1;
			productReference = 37EAA6E42BB5C8EE00791A83 /* HW1.app */;
			productType = "com.apple.product-type.application";
		};
		37EAA6F92BB5C8EF00791A83 /* HW1Tests */ = {
			isa = PBXNativeTarget;
			buildConfigurationList = 37EAA7112BB5C8EF00791A83 /* Build configuration list for PBXNativeTarget "HW1Tests" */;
			buildPhases = (
				37EAA6F62BB5C8EF00791A83 /* Sources */,
				37EAA6F72BB5C8EF00791A83 /* Frameworks */,
				37EAA6F82BB5C8EF00791A83 /* Resources */,
			);
			buildRules = (
			);
			dependencies = (
				37EAA6FC2BB5C8EF00791A83 /* PBXTargetDependency */,
			);
			name = HW1Tests;
			productName = HW1Tests;
			productReference = 37EAA6FA2BB5C8EF00791A83 /* HW1Tests.xctest */;
			productType = "com.apple.product-type.bundle.unit-test";
		};
		37EAA7032BB5C8EF00791A83 /* HW1UITests */ = {
			isa = PBXNativeTarget;
			buildConfigurationList = 37EAA7142BB5C8EF00791A83 /* Build configuration list for PBXNativeTarget "HW1UITests" */;
			buildPhases = (
				37EAA7002BB5C8EF00791A83 /* Sources */,
				37EAA7012BB5C8EF00791A83 /* Frameworks */,
				37EAA7022BB5C8EF00791A83 /* Resources */,
			);
			buildRules = (
			);
			dependencies = (
				37EAA7062BB5C8EF00791A83 /* PBXTargetDependency */,
			);
			name = HW1UITests;
			productName = HW1UITests;
			productReference = 37EAA7042BB5C8EF00791A83 /* HW1UITests.xctest */;
			productType = "com.apple.product-type.bundle.ui-testing";
		};
/* End PBXNativeTarget section */

/* Begin PBXProject section */
		37EAA6DC2BB5C8EE00791A83 /* Project object */ = {
			isa = PBXProject;
			attributes = {
				BuildIndependentTargetsInParallel = 1;
				LastSwiftUpdateCheck = 1530;
				LastUpgradeCheck = 1530;
				TargetAttributes = {
					37EAA6E32BB5C8EE00791A83 = {
						CreatedOnToolsVersion = 15.3;
					};
					37EAA6F92BB5C8EF00791A83 = {
						CreatedOnToolsVersion = 15.3;
						TestTargetID = 37EAA6E32BB5C8EE00791A83;
					};
					37EAA7032BB5C8EF00791A83 = {
						CreatedOnToolsVersion = 15.3;
						TestTargetID = 37EAA6E32BB5C8EE00791A83;
					};
				};
			};
			buildConfigurationList = 37EAA6DF2BB5C8EE00791A83 /* Build configuration list for PBXProject "HW1" */;
			compatibilityVersion = "Xcode 14.0";
			developmentRegion = en;
			hasScannedForEncodings = 0;
			knownRegions = (
				en,
				Base,
			);
			mainGroup = 37EAA6DB2BB5C8EE00791A83;
			productRefGroup = 37EAA6E52BB5C8EE00791A83 /* Products */;
			projectDirPath = "";
			projectRoot = "";
			targets = (
				37EAA6E32BB5C8EE00791A83 /* HW1 */,
				37EAA6F92BB5C8EF00791A83 /* HW1Tests */,
				37EAA7032BB5C8EF00791A83 /* HW1UITests */,
			);
		};
/* End PBXProject section */

/* Begin PBXResourcesBuildPhase section */
		37EAA6E22BB5C8EE00791A83 /* Resources */ = {
			isa = PBXResourcesBuildPhase;
			buildActionMask = 2147483647;
			files = (
				37EAA6F12BB5C8EF00791A83 /* Assets.xcassets in Resources */,
				37EAA6F42BB5C8EF00791A83 /* Base in Resources */,
				37EAA6EF2BB5C8EE00791A83 /* Base in Resources */,
			);
			runOnlyForDeploymentPostprocessing = 0;
		};
		37EAA6F82BB5C8EF00791A83 /* Resources */ = {
			isa = PBXResourcesBuildPhase;
			buildActionMask = 2147483647;
			files = (
			);
			runOnlyForDeploymentPostprocessing = 0;
		};
		37EAA7022BB5C8EF00791A83 /* Resources */ = {
			isa = PBXResourcesBuildPhase;
			buildActionMask = 2147483647;
			files = (
			);
			runOnlyForDeploymentPostprocessing = 0;
		};
/* End PBXResourcesBuildPhase section */

/* Begin PBXSourcesBuildPhase section */
		37EAA6E02BB5C8EE00791A83 /* Sources */ = {
			isa = PBXSourcesBuildPhase;
			buildActionMask = 2147483647;
			files = (
				37EAA6EC2BB5C8EE00791A83 /* ViewController.swift in Sources */,
				37EAA6E82BB5C8EE00791A83 /* AppDelegate.swift in Sources */,
				37EAA6EA2BB5C8EE00791A83 /* SceneDelegate.swift in Sources */,
			);
			runOnlyForDeploymentPostprocessing = 0;
		};
		37EAA6F62BB5C8EF00791A83 /* Sources */ = {
			isa = PBXSourcesBuildPhase;
			buildActionMask = 2147483647;
			files = (
				37EAA6FF2BB5C8EF00791A83 /* HW1Tests.swift in Sources */,
			);
			runOnlyForDeploymentPostprocessing = 0;
		};
		37EAA7002BB5C8EF00791A83 /* Sources */ = {
			isa = PBXSourcesBuildPhase;
			buildActionMask = 2147483647;
			files = (
				37EAA7092BB5C8EF00791A83 /* HW1UITests.swift in Sources */,
				37EAA70B2BB5C8EF00791A83 /* HW1UITestsLaunchTests.swift in Sources */,
			);
			runOnlyForDeploymentPostprocessing = 0;
		};
/* End PBXSourcesBuildPhase section */

/* Begin PBXTargetDependency section */
		37EAA6FC2BB5C8EF00791A83 /* PBXTargetDependency */ = {
			isa = PBXTargetDependency;
			target = 37EAA6E32BB5C8EE00791A83 /* HW1 */;
			targetProxy = 37EAA6FB2BB5C8EF00791A83 /* PBXContainerItemProxy */;
		};
		37EAA7062BB5C8EF00791A83 /* PBXTargetDependency */ = {
			isa = PBXTargetDependency;
			target = 37EAA6E32BB5C8EE00791A83 /* HW1 */;
			targetProxy = 37EAA7052BB5C8EF00791A83 /* PBXContainerItemProxy */;
		};
/* End PBXTargetDependency section */

/* Begin PBXVariantGroup section */
		37EAA6ED2BB5C8EE00791A83 /* Main.storyboard */ = {
			isa = PBXVariantGroup;
			children = (
				37EAA6EE2BB5C8EE00791A83 /* Base */,
			);
			name = Main.storyboard;
			sourceTree = "<group>";
		};
		37EAA6F22BB5C8EF00791A83 /* LaunchScreen.storyboard */ = {
			isa = PBXVariantGroup;
			children = (
				37EAA6F32BB5C8EF00791A83 /* Base */,
			);
			name = LaunchScreen.storyboard;
			sourceTree = "<group>";
		};
/* End PBXVariantGroup section */

/* Begin XCBuildConfiguration section */
		37EAA70C2BB5C8EF00791A83 /* Debug */ = {
			isa = XCBuildConfiguration;
			buildSettings = {
				ALWAYS_SEARCH_USER_PATHS = NO;
				ASSETCATALOG_COMPILER_GENERATE_SWIFT_ASSET_SYMBOL_EXTENSIONS = YES;
				CLANG_ANALYZER_NONNULL = YES;
				CLANG_ANALYZER_NUMBER_OBJECT_CONVERSION = YES_AGGRESSIVE;
				CLANG_CXX_LANGUAGE_STANDARD = "gnu++20";
				CLANG_ENABLE_MODULES = YES;
				CLANG_ENABLE_OBJC_ARC = YES;
				CLANG_ENABLE_OBJC_WEAK = YES;
				CLANG_WARN_BLOCK_CAPTURE_AUTORELEASING = YES;
				CLANG_WARN_BOOL_CONVERSION = YES;
				CLANG_WARN_COMMA = YES;
				CLANG_WARN_CONSTANT_CONVERSION = YES;
				CLANG_WARN_DEPRECATED_OBJC_IMPLEMENTATIONS = YES;
				CLANG_WARN_DIRECT_OBJC_ISA_USAGE = YES_ERROR;
				CLANG_WARN_DOCUMENTATION_COMMENTS = YES;
				CLANG_WARN_EMPTY_BODY = YES;
				CLANG_WARN_ENUM_CONVERSION = YES;
				CLANG_WARN_INFINITE_RECURSION = YES;
				CLANG_WARN_INT_CONVERSION = YES;
				CLANG_WARN_NON_LITERAL_NULL_CONVERSION = YES;
				CLANG_WARN_OBJC_IMPLICIT_RETAIN_SELF = YES;
				CLANG_WARN_OBJC_LITERAL_CONVERSION = YES;
				CLANG_WARN_OBJC_ROOT_CLASS = YES_ERROR;
				CLANG_WARN_QUOTED_INCLUDE_IN_FRAMEWORK_HEADER = YES;
				CLANG_WARN_RANGE_LOOP_ANALYSIS = YES;
				CLANG_WARN_STRICT_PROTOTYPES = YES;
				CLANG_WARN_SUSPICIOUS_MOVE = YES;
				CLANG_WARN_UNGUARDED_AVAILABILITY = YES_AGGRESSIVE;
				CLANG_WARN_UNREACHABLE_CODE = YES;
				CLANG_WARN__DUPLICATE_METHOD_MATCH = YES;
				COPY_PHASE_STRIP = NO;
				DEBUG_INFORMATION_FORMAT = dwarf;
				ENABLE_STRICT_OBJC_MSGSEND = YES;
				ENABLE_TESTABILITY = YES;
				ENABLE_USER_SCRIPT_SANDBOXING = YES;
				GCC_C_LANGUAGE_STANDARD = gnu17;
				GCC_DYNAMIC_NO_PIC = NO;
				GCC_NO_COMMON_BLOCKS = YES;
				GCC_OPTIMIZATION_LEVEL = 0;
				GCC_PREPROCESSOR_DEFINITIONS = (
					"DEBUG=1",
					"$(inherited)",
				);
				GCC_WARN_64_TO_32_BIT_CONVERSION = YES;
				GCC_WARN_ABOUT_RETURN_TYPE = YES_ERROR;
				GCC_WARN_UNDECLARED_SELECTOR = YES;
				GCC_WARN_UNINITIALIZED_AUTOS = YES_AGGRESSIVE;
				GCC_WARN_UNUSED_FUNCTION = YES;
				GCC_WARN_UNUSED_VARIABLE = YES;
				IPHONEOS_DEPLOYMENT_TARGET = 17.4;
				LOCALIZATION_PREFERS_STRING_CATALOGS = YES;
				MTL_ENABLE_DEBUG_INFO = INCLUDE_SOURCE;
				MTL_FAST_MATH = YES;
				ONLY_ACTIVE_ARCH = YES;
				SDKROOT = iphoneos;
				SWIFT_ACTIVE_COMPILATION_CONDITIONS = "DEBUG $(inherited)";
				SWIFT_OPTIMIZATION_LEVEL = "-Onone";
			};
			name = Debug;
		};
		37EAA70D2BB5C8EF00791A83 /* Release */ = {
			isa = XCBuildConfiguration;
			buildSettings = {
				ALWAYS_SEARCH_USER_PATHS = NO;
				ASSETCATALOG_COMPILER_GENERATE_SWIFT_ASSET_SYMBOL_EXTENSIONS = YES;
				CLANG_ANALYZER_NONNULL = YES;
				CLANG_ANALYZER_NUMBER_OBJECT_CONVERSION = YES_AGGRESSIVE;
				CLANG_CXX_LANGUAGE_STANDARD = "gnu++20";
				CLANG_ENABLE_MODULES = YES;
				CLANG_ENABLE_OBJC_ARC = YES;
				CLANG_ENABLE_OBJC_WEAK = YES;
				CLANG_WARN_BLOCK_CAPTURE_AUTORELEASING = YES;
				CLANG_WARN_BOOL_CONVERSION = YES;
				CLANG_WARN_COMMA = YES;
				CLANG_WARN_CONSTANT_CONVERSION = YES;
				CLANG_WARN_DEPRECATED_OBJC_IMPLEMENTATIONS = YES;
				CLANG_WARN_DIRECT_OBJC_ISA_USAGE = YES_ERROR;
				CLANG_WARN_DOCUMENTATION_COMMENTS = YES;
				CLANG_WARN_EMPTY_BODY = YES;
				CLANG_WARN_ENUM_CONVERSION = YES;
				CLANG_WARN_INFINITE_RECURSION = YES;
				CLANG_WARN_INT_CONVERSION = YES;
				CLANG_WARN_NON_LITERAL_NULL_CONVERSION = YES;
				CLANG_WARN_OBJC_IMPLICIT_RETAIN_SELF = YES;
				CLANG_WARN_OBJC_LITERAL_CONVERSION = YES;
				CLANG_WARN_OBJC_ROOT_CLASS = YES_ERROR;
				CLANG_WARN_QUOTED_INCLUDE_IN_FRAMEWORK_HEADER = YES;
				CLANG_WARN_RANGE_LOOP_ANALYSIS = YES;
				CLANG_WARN_STRICT_PROTOTYPES = YES;
				CLANG_WARN_SUSPICIOUS_MOVE = YES;
				CLANG_WARN_UNGUARDED_AVAILABILITY = YES_AGGRESSIVE;
				CLANG_WARN_UNREACHABLE_CODE = YES;
				CLANG_WARN__DUPLICATE_METHOD_MATCH = YES;
				COPY_PHASE_STRIP = NO;
				DEBUG_INFORMATION_FORMAT = "dwarf-with-dsym";
				ENABLE_NS_ASSERTIONS = NO;
				ENABLE_STRICT_OBJC_MSGSEND = YES;
				ENABLE_USER_SCRIPT_SANDBOXING = YES;
				GCC_C_LANGUAGE_STANDARD = gnu17;
				GCC_NO_COMMON_BLOCKS = YES;
				GCC_WARN_64_TO_32_BIT_CONVERSION = YES;
				GCC_WARN_ABOUT_RETURN_TYPE = YES_ERROR;
				GCC_WARN_UNDECLARED_SELECTOR = YES;
				GCC_WARN_UNINITIALIZED_AUTOS = YES_AGGRESSIVE;
				GCC_WARN_UNUSED_FUNCTION = YES;
				GCC_WARN_UNUSED_VARIABLE = YES;
				IPHONEOS_DEPLOYMENT_TARGET = 17.4;
				LOCALIZATION_PREFERS_STRING_CATALOGS = YES;
				MTL_ENABLE_DEBUG_INFO = NO;
				MTL_FAST_MATH = YES;
				SDKROOT = iphoneos;
				SWIFT_COMPILATION_MODE = wholemodule;
				VALIDATE_PRODUCT = YES;
			};
			name = Release;
		};
		37EAA70F2BB5C8EF00791A83 /* Debug */ = {
			isa = XCBuildConfiguration;
			buildSettings = {
				ASSETCATALOG_COMPILER_APPICON_NAME = AppIcon;
				ASSETCATALOG_COMPILER_GLOBAL_ACCENT_COLOR_NAME = AccentColor;
				CODE_SIGN_STYLE = Automatic;
				CURRENT_PROJECT_VERSION = 1;
				DEVELOPMENT_TEAM = T3Y57V3BSA;
				GENERATE_INFOPLIST_FILE = YES;
				INFOPLIST_FILE = HW1/Info.plist;
				INFOPLIST_KEY_UIApplicationSupportsIndirectInputEvents = YES;
				INFOPLIST_KEY_UILaunchStoryboardName = LaunchScreen;
				INFOPLIST_KEY_UIMainStoryboardFile = Main;
				INFOPLIST_KEY_UISupportedInterfaceOrientations_iPad = "UIInterfaceOrientationPortrait UIInterfaceOrientationPortraitUpsideDown UIInterfaceOrientationLandscapeLeft UIInterfaceOrientationLandscapeRight";
				INFOPLIST_KEY_UISupportedInterfaceOrientations_iPhone = "UIInterfaceOrientationPortrait UIInterfaceOrientationLandscapeLeft UIInterfaceOrientationLandscapeRight";
				LD_RUNPATH_SEARCH_PATHS = (
					"$(inherited)",
					"@executable_path/Frameworks",
				);
				MARKETING_VERSION = 1.0;
				PRODUCT_BUNDLE_IDENTIFIER = com.grad0ff.Developer.HW1;
				PRODUCT_NAME = "$(TARGET_NAME)";
				SWIFT_EMIT_LOC_STRINGS = YES;
				SWIFT_VERSION = 5.0;
				TARGETED_DEVICE_FAMILY = "1,2";
			};
			name = Debug;
		};
		37EAA7102BB5C8EF00791A83 /* Release */ = {
			isa = XCBuildConfiguration;
			buildSettings = {
				ASSETCATALOG_COMPILER_APPICON_NAME = AppIcon;
				ASSETCATALOG_COMPILER_GLOBAL_ACCENT_COLOR_NAME = AccentColor;
				CODE_SIGN_STYLE = Automatic;
				CURRENT_PROJECT_VERSION = 1;
				DEVELOPMENT_TEAM = T3Y57V3BSA;
				GENERATE_INFOPLIST_FILE = YES;
				INFOPLIST_FILE = HW1/Info.plist;
				INFOPLIST_KEY_UIApplicationSupportsIndirectInputEvents = YES;
				INFOPLIST_KEY_UILaunchStoryboardName = LaunchScreen;
				INFOPLIST_KEY_UIMainStoryboardFile = Main;
				INFOPLIST_KEY_UISupportedInterfaceOrientations_iPad = "UIInterfaceOrientationPortrait UIInterfaceOrientationPortraitUpsideDown UIInterfaceOrientationLandscapeLeft UIInterfaceOrientationLandscapeRight";
				INFOPLIST_KEY_UISupportedInterfaceOrientations_iPhone = "UIInterfaceOrientationPortrait UIInterfaceOrientationLandscapeLeft UIInterfaceOrientationLandscapeRight";
				LD_RUNPATH_SEARCH_PATHS = (
					"$(inherited)",
					"@executable_path/Frameworks",
				);
				MARKETING_VERSION = 1.0;
				PRODUCT_BUNDLE_IDENTIFIER = com.grad0ff.Developer.HW1;
				PRODUCT_NAME = "$(TARGET_NAME)";
				SWIFT_EMIT_LOC_STRINGS = YES;
				SWIFT_VERSION = 5.0;
				TARGETED_DEVICE_FAMILY = "1,2";
			};
			name = Release;
		};
		37EAA7122BB5C8EF00791A83 /* Debug */ = {
			isa = XCBuildConfiguration;
			buildSettings = {
				ALWAYS_EMBED_SWIFT_STANDARD_LIBRARIES = YES;
				BUNDLE_LOADER = "$(TEST_HOST)";
				CODE_SIGN_STYLE = Automatic;
				CURRENT_PROJECT_VERSION = 1;
				DEVELOPMENT_TEAM = T3Y57V3BSA;
				GENERATE_INFOPLIST_FILE = YES;
				IPHONEOS_DEPLOYMENT_TARGET = 17.4;
				MARKETING_VERSION = 1.0;
				PRODUCT_BUNDLE_IDENTIFIER = com.grad0ff.Developer.HW1Tests;
				PRODUCT_NAME = "$(TARGET_NAME)";
				SWIFT_EMIT_LOC_STRINGS = NO;
				SWIFT_VERSION = 5.0;
				TARGETED_DEVICE_FAMILY = "1,2";
				TEST_HOST = "$(BUILT_PRODUCTS_DIR)/HW1.app/$(BUNDLE_EXECUTABLE_FOLDER_PATH)/HW1";
			};
			name = Debug;
		};
		37EAA7132BB5C8EF00791A83 /* Release */ = {
			isa = XCBuildConfiguration;
			buildSettings = {
				ALWAYS_EMBED_SWIFT_STANDARD_LIBRARIES = YES;
				BUNDLE_LOADER = "$(TEST_HOST)";
				CODE_SIGN_STYLE = Automatic;
				CURRENT_PROJECT_VERSION = 1;
				DEVELOPMENT_TEAM = T3Y57V3BSA;
				GENERATE_INFOPLIST_FILE = YES;
				IPHONEOS_DEPLOYMENT_TARGET = 17.4;
				MARKETING_VERSION = 1.0;
				PRODUCT_BUNDLE_IDENTIFIER = com.grad0ff.Developer.HW1Tests;
				PRODUCT_NAME = "$(TARGET_NAME)";
				SWIFT_EMIT_LOC_STRINGS = NO;
				SWIFT_VERSION = 5.0;
				TARGETED_DEVICE_FAMILY = "1,2";
				TEST_HOST = "$(BUILT_PRODUCTS_DIR)/HW1.app/$(BUNDLE_EXECUTABLE_FOLDER_PATH)/HW1";
			};
			name = Release;
		};
		37EAA7152BB5C8EF00791A83 /* Debug */ = {
			isa = XCBuildConfiguration;
			buildSettings = {
				ALWAYS_EMBED_SWIFT_STANDARD_LIBRARIES = YES;
				CODE_SIGN_STYLE = Automatic;
				CURRENT_PROJECT_VERSION = 1;
				DEVELOPMENT_TEAM = T3Y57V3BSA;
				GENERATE_INFOPLIST_FILE = YES;
				MARKETING_VERSION = 1.0;
				PRODUCT_BUNDLE_IDENTIFIER = com.grad0ff.Developer.HW1UITests;
				PRODUCT_NAME = "$(TARGET_NAME)";
				SWIFT_EMIT_LOC_STRINGS = NO;
				SWIFT_VERSION = 5.0;
				TARGETED_DEVICE_FAMILY = "1,2";
				TEST_TARGET_NAME = HW1;
			};
			name = Debug;
		};
		37EAA7162BB5C8EF00791A83 /* Release */ = {
			isa = XCBuildConfiguration;
			buildSettings = {
				ALWAYS_EMBED_SWIFT_STANDARD_LIBRARIES = YES;
				CODE_SIGN_STYLE = Automatic;
				CURRENT_PROJECT_VERSION = 1;
				DEVELOPMENT_TEAM = T3Y57V3BSA;
				GENERATE_INFOPLIST_FILE = YES;
				MARKETING_VERSION = 1.0;
				PRODUCT_BUNDLE_IDENTIFIER = com.grad0ff.Developer.HW1UITests;
				PRODUCT_NAME = "$(TARGET_NAME)";
				SWIFT_EMIT_LOC_STRINGS = NO;
				SWIFT_VERSION = 5.0;
				TARGETED_DEVICE_FAMILY = "1,2";
				TEST_TARGET_NAME = HW1;
			};
			name = Release;
		};
/* End XCBuildConfiguration section */

/* Begin XCConfigurationList section */
		37EAA6DF2BB5C8EE00791A83 /* Build configuration list for PBXProject "HW1" */ = {
			isa = XCConfigurationList;
			buildConfigurations = (
				37EAA70C2BB5C8EF00791A83 /* Debug */,
				37EAA70D2BB5C8EF00791A83 /* Release */,
			);
			defaultConfigurationIsVisible = 0;
			defaultConfigurationName = Release;
		};
		37EAA70E2BB5C8EF00791A83 /* Build configuration list for PBXNativeTarget "HW1" */ = {
			isa = XCConfigurationList;
			buildConfigurations = (
				37EAA70F2BB5C8EF00791A83 /* Debug */,
				37EAA7102BB5C8EF00791A83 /* Release */,
			);
			defaultConfigurationIsVisible = 0;
			defaultConfigurationName = Release;
		};
		37EAA7112BB5C8EF00791A83 /* Build configuration list for PBXNativeTarget "HW1Tests" */ = {
			isa = XCConfigurationList;
			buildConfigurations = (
				37EAA7122BB5C8EF00791A83 /* Debug */,
				37EAA7132BB5C8EF00791A83 /* Release */,
			);
			defaultConfigurationIsVisible = 0;
			defaultConfigurationName = Release;
		};
		37EAA7142BB5C8EF00791A83 /* Build configuration list for PBXNativeTarget "HW1UITests" */ = {
			isa = XCConfigurationList;
			buildConfigurations = (
				37EAA7152BB5C8EF00791A83 /* Debug */,
				37EAA7162BB5C8EF00791A83 /* Release */,
			);
			defaultConfigurationIsVisible = 0;
			defaultConfigurationName = Release;
		};
/* End XCConfigurationList section */
	};
	rootObject = 37EAA6DC2BB5C8EE00791A83 /* Project object */;
}
